// !$*UTF8*$!
{
	archiveVersion = 1;
	classes = {
	};
	objectVersion = 55;
	objects = {

/* Begin PBXBuildFile section */
		225C93062814CC640073111D /* AppDelegate.swift in Sources */ = {isa = PBXBuildFile; fileRef = 225C93052814CC640073111D /* AppDelegate.swift */; };
		225C93082814CC640073111D /* SceneDelegate.swift in Sources */ = {isa = PBXBuildFile; fileRef = 225C93072814CC640073111D /* SceneDelegate.swift */; };
		225C930A2814CC640073111D /* ViewController.swift in Sources */ = {isa = PBXBuildFile; fileRef = 225C93092814CC640073111D /* ViewController.swift */; };
		225C930D2814CC640073111D /* Main.storyboard in Resources */ = {isa = PBXBuildFile; fileRef = 225C930B2814CC640073111D /* Main.storyboard */; };
		225C930F2814CC660073111D /* Assets.xcassets in Resources */ = {isa = PBXBuildFile; fileRef = 225C930E2814CC660073111D /* Assets.xcassets */; };
		225C93122814CC660073111D /* LaunchScreen.storyboard in Resources */ = {isa = PBXBuildFile; fileRef = 225C93102814CC660073111D /* LaunchScreen.storyboard */; };
		225C931D2814CC660073111D /* RandomDogsTests.swift in Sources */ = {isa = PBXBuildFile; fileRef = 225C931C2814CC660073111D /* RandomDogsTests.swift */; };
		225C93272814CC660073111D /* RandomDogsUITests.swift in Sources */ = {isa = PBXBuildFile; fileRef = 225C93262814CC660073111D /* RandomDogsUITests.swift */; };
		225C93292814CC660073111D /* RandomDogsUITestsLaunchTests.swift in Sources */ = {isa = PBXBuildFile; fileRef = 225C93282814CC660073111D /* RandomDogsUITestsLaunchTests.swift */; };
		225C93362814CDF40073111D /* RandomDogAPI.swift in Sources */ = {isa = PBXBuildFile; fileRef = 225C93352814CDF40073111D /* RandomDogAPI.swift */; };
		2B1533802844D63600D541CC /* CatInfoDataModel.swift in Sources */ = {isa = PBXBuildFile; fileRef = 2B15337F2844D63600D541CC /* CatInfoDataModel.swift */; };
/* End PBXBuildFile section */

/* Begin PBXContainerItemProxy section */
		225C93192814CC660073111D /* PBXContainerItemProxy */ = {
			isa = PBXContainerItemProxy;
			containerPortal = 225C92FA2814CC640073111D /* Project object */;
			proxyType = 1;
			remoteGlobalIDString = 225C93012814CC640073111D;
			remoteInfo = RandomDogs;
		};
		225C93232814CC660073111D /* PBXContainerItemProxy */ = {
			isa = PBXContainerItemProxy;
			containerPortal = 225C92FA2814CC640073111D /* Project object */;
			proxyType = 1;
			remoteGlobalIDString = 225C93012814CC640073111D;
			remoteInfo = RandomDogs;
		};
/* End PBXContainerItemProxy section */

/* Begin PBXFileReference section */
		225C93022814CC640073111D /* RandomDogs.app */ = {isa = PBXFileReference; explicitFileType = wrapper.application; includeInIndex = 0; path = RandomDogs.app; sourceTree = BUILT_PRODUCTS_DIR; };
		225C93052814CC640073111D /* AppDelegate.swift */ = {isa = PBXFileReference; lastKnownFileType = sourcecode.swift; path = AppDelegate.swift; sourceTree = "<group>"; };
		225C93072814CC640073111D /* SceneDelegate.swift */ = {isa = PBXFileReference; lastKnownFileType = sourcecode.swift; path = SceneDelegate.swift; sourceTree = "<group>"; };
		225C93092814CC640073111D /* ViewController.swift */ = {isa = PBXFileReference; lastKnownFileType = sourcecode.swift; path = ViewController.swift; sourceTree = "<group>"; };
		225C930C2814CC640073111D /* Base */ = {isa = PBXFileReference; lastKnownFileType = file.storyboard; name = Base; path = Base.lproj/Main.storyboard; sourceTree = "<group>"; };
		225C930E2814CC660073111D /* Assets.xcassets */ = {isa = PBXFileReference; lastKnownFileType = folder.assetcatalog; path = Assets.xcassets; sourceTree = "<group>"; };
		225C93112814CC660073111D /* Base */ = {isa = PBXFileReference; lastKnownFileType = file.storyboard; name = Base; path = Base.lproj/LaunchScreen.storyboard; sourceTree = "<group>"; };
		225C93132814CC660073111D /* Info.plist */ = {isa = PBXFileReference; lastKnownFileType = text.plist.xml; path = Info.plist; sourceTree = "<group>"; };
		225C93182814CC660073111D /* RandomDogsTests.xctest */ = {isa = PBXFileReference; explicitFileType = wrapper.cfbundle; includeInIndex = 0; path = RandomDogsTests.xctest; sourceTree = BUILT_PRODUCTS_DIR; };
		225C931C2814CC660073111D /* RandomDogsTests.swift */ = {isa = PBXFileReference; lastKnownFileType = sourcecode.swift; path = RandomDogsTests.swift; sourceTree = "<group>"; };
		225C93222814CC660073111D /* RandomDogsUITests.xctest */ = {isa = PBXFileReference; explicitFileType = wrapper.cfbundle; includeInIndex = 0; path = RandomDogsUITests.xctest; sourceTree = BUILT_PRODUCTS_DIR; };
		225C93262814CC660073111D /* RandomDogsUITests.swift */ = {isa = PBXFileReference; lastKnownFileType = sourcecode.swift; path = RandomDogsUITests.swift; sourceTree = "<group>"; };
		225C93282814CC660073111D /* RandomDogsUITestsLaunchTests.swift */ = {isa = PBXFileReference; lastKnownFileType = sourcecode.swift; path = RandomDogsUITestsLaunchTests.swift; sourceTree = "<group>"; };
		225C93352814CDF40073111D /* RandomDogAPI.swift */ = {isa = PBXFileReference; lastKnownFileType = sourcecode.swift; path = RandomDogAPI.swift; sourceTree = "<group>"; };
		2B15337F2844D63600D541CC /* CatInfoDataModel.swift */ = {isa = PBXFileReference; lastKnownFileType = sourcecode.swift; path = CatInfoDataModel.swift; sourceTree = "<group>"; };
/* End PBXFileReference section */

/* Begin PBXFrameworksBuildPhase section */
		225C92FF2814CC640073111D /* Frameworks */ = {
			isa = PBXFrameworksBuildPhase;
			buildActionMask = 2147483647;
			files = (
			);
			runOnlyForDeploymentPostprocessing = 0;
		};
		225C93152814CC660073111D /* Frameworks */ = {
			isa = PBXFrameworksBuildPhase;
			buildActionMask = 2147483647;
			files = (
			);
			runOnlyForDeploymentPostprocessing = 0;
		};
		225C931F2814CC660073111D /* Frameworks */ = {
			isa = PBXFrameworksBuildPhase;
			buildActionMask = 2147483647;
			files = (
			);
			runOnlyForDeploymentPostprocessing = 0;
		};
/* End PBXFrameworksBuildPhase section */

/* Begin PBXGroup section */
		225C92F92814CC640073111D = {
			isa = PBXGroup;
			children = (
				225C93042814CC640073111D /* RandomDogs */,
				225C931B2814CC660073111D /* RandomDogsTests */,
				225C93252814CC660073111D /* RandomDogsUITests */,
				225C93032814CC640073111D /* Products */,
			);
			sourceTree = "<group>";
		};
		225C93032814CC640073111D /* Products */ = {
			isa = PBXGroup;
			children = (
				225C93022814CC640073111D /* RandomDogs.app */,
				225C93182814CC660073111D /* RandomDogsTests.xctest */,
				225C93222814CC660073111D /* RandomDogsUITests.xctest */,
			);
			name = Products;
			sourceTree = "<group>";
		};
		225C93042814CC640073111D /* RandomDogs */ = {
			isa = PBXGroup;
			children = (
				225C93052814CC640073111D /* AppDelegate.swift */,
				225C93072814CC640073111D /* SceneDelegate.swift */,
				225C93092814CC640073111D /* ViewController.swift */,
				225C930B2814CC640073111D /* Main.storyboard */,
				225C930E2814CC660073111D /* Assets.xcassets */,
				225C93102814CC660073111D /* LaunchScreen.storyboard */,
				225C93132814CC660073111D /* Info.plist */,
				225C93352814CDF40073111D /* RandomDogAPI.swift */,
				2B15337F2844D63600D541CC /* CatInfoDataModel.swift */,
			);
			path = RandomDogs;
			sourceTree = "<group>";
		};
		225C931B2814CC660073111D /* RandomDogsTests */ = {
			isa = PBXGroup;
			children = (
				225C931C2814CC660073111D /* RandomDogsTests.swift */,
			);
			path = RandomDogsTests;
			sourceTree = "<group>";
		};
		225C93252814CC660073111D /* RandomDogsUITests */ = {
			isa = PBXGroup;
			children = (
				225C93262814CC660073111D /* RandomDogsUITests.swift */,
				225C93282814CC660073111D /* RandomDogsUITestsLaunchTests.swift */,
			);
			path = RandomDogsUITests;
			sourceTree = "<group>";
		};
/* End PBXGroup section */

/* Begin PBXNativeTarget section */
		225C93012814CC640073111D /* RandomDogs */ = {
			isa = PBXNativeTarget;
			buildConfigurationList = 225C932C2814CC660073111D /* Build configuration list for PBXNativeTarget "RandomDogs" */;
			buildPhases = (
				225C92FE2814CC640073111D /* Sources */,
				225C92FF2814CC640073111D /* Frameworks */,
				225C93002814CC640073111D /* Resources */,
			);
			buildRules = (
			);
			dependencies = (
			);
			name = RandomDogs;
			productName = RandomDogs;
			productReference = 225C93022814CC640073111D /* RandomDogs.app */;
			productType = "com.apple.product-type.application";
		};
		225C93172814CC660073111D /* RandomDogsTests */ = {
			isa = PBXNativeTarget;
			buildConfigurationList = 225C932F2814CC660073111D /* Build configuration list for PBXNativeTarget "RandomDogsTests" */;
			buildPhases = (
				225C93142814CC660073111D /* Sources */,
				225C93152814CC660073111D /* Frameworks */,
				225C93162814CC660073111D /* Resources */,
			);
			buildRules = (
			);
			dependencies = (
				225C931A2814CC660073111D /* PBXTargetDependency */,
			);
			name = RandomDogsTests;
			productName = RandomDogsTests;
			productReference = 225C93182814CC660073111D /* RandomDogsTests.xctest */;
			productType = "com.apple.product-type.bundle.unit-test";
		};
		225C93212814CC660073111D /* RandomDogsUITests */ = {
			isa = PBXNativeTarget;
			buildConfigurationList = 225C93322814CC660073111D /* Build configuration list for PBXNativeTarget "RandomDogsUITests" */;
			buildPhases = (
				225C931E2814CC660073111D /* Sources */,
				225C931F2814CC660073111D /* Frameworks */,
				225C93202814CC660073111D /* Resources */,
			);
			buildRules = (
			);
			dependencies = (
				225C93242814CC660073111D /* PBXTargetDependency */,
			);
			name = RandomDogsUITests;
			productName = RandomDogsUITests;
			productReference = 225C93222814CC660073111D /* RandomDogsUITests.xctest */;
			productType = "com.apple.product-type.bundle.ui-testing";
		};
/* End PBXNativeTarget section */

/* Begin PBXProject section */
		225C92FA2814CC640073111D /* Project object */ = {
			isa = PBXProject;
			attributes = {
				BuildIndependentTargetsInParallel = 1;
				LastSwiftUpdateCheck = 1330;
				LastUpgradeCheck = 1330;
				TargetAttributes = {
					225C93012814CC640073111D = {
						CreatedOnToolsVersion = 13.3.1;
					};
					225C93172814CC660073111D = {
						CreatedOnToolsVersion = 13.3.1;
						TestTargetID = 225C93012814CC640073111D;
					};
					225C93212814CC660073111D = {
						CreatedOnToolsVersion = 13.3.1;
						TestTargetID = 225C93012814CC640073111D;
					};
				};
			};
			buildConfigurationList = 225C92FD2814CC640073111D /* Build configuration list for PBXProject "RandomDogs" */;
			compatibilityVersion = "Xcode 13.0";
			developmentRegion = en;
			hasScannedForEncodings = 0;
			knownRegions = (
				en,
				Base,
			);
			mainGroup = 225C92F92814CC640073111D;
			productRefGroup = 225C93032814CC640073111D /* Products */;
			projectDirPath = "";
			projectRoot = "";
			targets = (
				225C93012814CC640073111D /* RandomDogs */,
				225C93172814CC660073111D /* RandomDogsTests */,
				225C93212814CC660073111D /* RandomDogsUITests */,
			);
		};
/* End PBXProject section */

/* Begin PBXResourcesBuildPhase section */
		225C93002814CC640073111D /* Resources */ = {
			isa = PBXResourcesBuildPhase;
			buildActionMask = 2147483647;
			files = (
				225C93122814CC660073111D /* LaunchScreen.storyboard in Resources */,
				225C930F2814CC660073111D /* Assets.xcassets in Resources */,
				225C930D2814CC640073111D /* Main.storyboard in Resources */,
			);
			runOnlyForDeploymentPostprocessing = 0;
		};
		225C93162814CC660073111D /* Resources */ = {
			isa = PBXResourcesBuildPhase;
			buildActionMask = 2147483647;
			files = (
			);
			runOnlyForDeploymentPostprocessing = 0;
		};
		225C93202814CC660073111D /* Resources */ = {
			isa = PBXResourcesBuildPhase;
			buildActionMask = 2147483647;
			files = (
			);
			runOnlyForDeploymentPostprocessing = 0;
		};
/* End PBXResourcesBuildPhase section */

/* Begin PBXSourcesBuildPhase section */
		225C92FE2814CC640073111D /* Sources */ = {
			isa = PBXSourcesBuildPhase;
			buildActionMask = 2147483647;
			files = (
				225C930A2814CC640073111D /* ViewController.swift in Sources */,
				225C93062814CC640073111D /* AppDelegate.swift in Sources */,
				225C93362814CDF40073111D /* RandomDogAPI.swift in Sources */,
				225C93082814CC640073111D /* SceneDelegate.swift in Sources */,
				2B1533802844D63600D541CC /* CatInfoDataModel.swift in Sources */,
			);
			runOnlyForDeploymentPostprocessing = 0;
		};
		225C93142814CC660073111D /* Sources */ = {
			isa = PBXSourcesBuildPhase;
			buildActionMask = 2147483647;
			files = (
				225C931D2814CC660073111D /* RandomDogsTests.swift in Sources */,
			);
			runOnlyForDeploymentPostprocessing = 0;
		};
		225C931E2814CC660073111D /* Sources */ = {
			isa = PBXSourcesBuildPhase;
			buildActionMask = 2147483647;
			files = (
				225C93292814CC660073111D /* RandomDogsUITestsLaunchTests.swift in Sources */,
				225C93272814CC660073111D /* RandomDogsUITests.swift in Sources */,
			);
			runOnlyForDeploymentPostprocessing = 0;
		};
/* End PBXSourcesBuildPhase section */

/* Begin PBXTargetDependency section */
		225C931A2814CC660073111D /* PBXTargetDependency */ = {
			isa = PBXTargetDependency;
			target = 225C93012814CC640073111D /* RandomDogs */;
			targetProxy = 225C93192814CC660073111D /* PBXContainerItemProxy */;
		};
		225C93242814CC660073111D /* PBXTargetDependency */ = {
			isa = PBXTargetDependency;
			target = 225C93012814CC640073111D /* RandomDogs */;
			targetProxy = 225C93232814CC660073111D /* PBXContainerItemProxy */;
		};
/* End PBXTargetDependency section */

/* Begin PBXVariantGroup section */
		225C930B2814CC640073111D /* Main.storyboard */ = {
			isa = PBXVariantGroup;
			children = (
				225C930C2814CC640073111D /* Base */,
			);
			name = Main.storyboard;
			sourceTree = "<group>";
		};
		225C93102814CC660073111D /* LaunchScreen.storyboard */ = {
			isa = PBXVariantGroup;
			children = (
				225C93112814CC660073111D /* Base */,
			);
			name = LaunchScreen.storyboard;
			sourceTree = "<group>";
		};
/* End PBXVariantGroup section */

/* Begin XCBuildConfiguration section */
		225C932A2814CC660073111D /* Debug */ = {
			isa = XCBuildConfiguration;
			buildSettings = {
				ALWAYS_SEARCH_USER_PATHS = NO;
				CLANG_ANALYZER_NONNULL = YES;
				CLANG_ANALYZER_NUMBER_OBJECT_CONVERSION = YES_AGGRESSIVE;
				CLANG_CXX_LANGUAGE_STANDARD = "gnu++17";
				CLANG_ENABLE_MODULES = YES;
				CLANG_ENABLE_OBJC_ARC = YES;
				CLANG_ENABLE_OBJC_WEAK = YES;
				CLANG_WARN_BLOCK_CAPTURE_AUTORELEASING = YES;
				CLANG_WARN_BOOL_CONVERSION = YES;
				CLANG_WARN_COMMA = YES;
				CLANG_WARN_CONSTANT_CONVERSION = YES;
				CLANG_WARN_DEPRECATED_OBJC_IMPLEMENTATIONS = YES;
				CLANG_WARN_DIRECT_OBJC_ISA_USAGE = YES_ERROR;
				CLANG_WARN_DOCUMENTATION_COMMENTS = YES;
				CLANG_WARN_EMPTY_BODY = YES;
				CLANG_WARN_ENUM_CONVERSION = YES;
				CLANG_WARN_INFINITE_RECURSION = YES;
				CLANG_WARN_INT_CONVERSION = YES;
				CLANG_WARN_NON_LITERAL_NULL_CONVERSION = YES;
				CLANG_WARN_OBJC_IMPLICIT_RETAIN_SELF = YES;
				CLANG_WARN_OBJC_LITERAL_CONVERSION = YES;
				CLANG_WARN_OBJC_ROOT_CLASS = YES_ERROR;
				CLANG_WARN_QUOTED_INCLUDE_IN_FRAMEWORK_HEADER = YES;
				CLANG_WARN_RANGE_LOOP_ANALYSIS = YES;
				CLANG_WARN_STRICT_PROTOTYPES = YES;
				CLANG_WARN_SUSPICIOUS_MOVE = YES;
				CLANG_WARN_UNGUARDED_AVAILABILITY = YES_AGGRESSIVE;
				CLANG_WARN_UNREACHABLE_CODE = YES;
				CLANG_WARN__DUPLICATE_METHOD_MATCH = YES;
				COPY_PHASE_STRIP = NO;
				DEBUG_INFORMATION_FORMAT = dwarf;
				ENABLE_STRICT_OBJC_MSGSEND = YES;
				ENABLE_TESTABILITY = YES;
				GCC_C_LANGUAGE_STANDARD = gnu11;
				GCC_DYNAMIC_NO_PIC = NO;
				GCC_NO_COMMON_BLOCKS = YES;
				GCC_OPTIMIZATION_LEVEL = 0;
				GCC_PREPROCESSOR_DEFINITIONS = (
					"DEBUG=1",
					"$(inherited)",
				);
				GCC_WARN_64_TO_32_BIT_CONVERSION = YES;
				GCC_WARN_ABOUT_RETURN_TYPE = YES_ERROR;
				GCC_WARN_UNDECLARED_SELECTOR = YES;
				GCC_WARN_UNINITIALIZED_AUTOS = YES_AGGRESSIVE;
				GCC_WARN_UNUSED_FUNCTION = YES;
				GCC_WARN_UNUSED_VARIABLE = YES;
				IPHONEOS_DEPLOYMENT_TARGET = 15.4;
				MTL_ENABLE_DEBUG_INFO = INCLUDE_SOURCE;
				MTL_FAST_MATH = YES;
				ONLY_ACTIVE_ARCH = YES;
				SDKROOT = iphoneos;
				SWIFT_ACTIVE_COMPILATION_CONDITIONS = DEBUG;
				SWIFT_OPTIMIZATION_LEVEL = "-Onone";
			};
			name = Debug;
		};
		225C932B2814CC660073111D /* Release */ = {
			isa = XCBuildConfiguration;
			buildSettings = {
				ALWAYS_SEARCH_USER_PATHS = NO;
				CLANG_ANALYZER_NONNULL = YES;
				CLANG_ANALYZER_NUMBER_OBJECT_CONVERSION = YES_AGGRESSIVE;
				CLANG_CXX_LANGUAGE_STANDARD = "gnu++17";
				CLANG_ENABLE_MODULES = YES;
				CLANG_ENABLE_OBJC_ARC = YES;
				CLANG_ENABLE_OBJC_WEAK = YES;
				CLANG_WARN_BLOCK_CAPTURE_AUTORELEASING = YES;
				CLANG_WARN_BOOL_CONVERSION = YES;
				CLANG_WARN_COMMA = YES;
				CLANG_WARN_CONSTANT_CONVERSION = YES;
				CLANG_WARN_DEPRECATED_OBJC_IMPLEMENTATIONS = YES;
				CLANG_WARN_DIRECT_OBJC_ISA_USAGE = YES_ERROR;
				CLANG_WARN_DOCUMENTATION_COMMENTS = YES;
				CLANG_WARN_EMPTY_BODY = YES;
				CLANG_WARN_ENUM_CONVERSION = YES;
				CLANG_WARN_INFINITE_RECURSION = YES;
				CLANG_WARN_INT_CONVERSION = YES;
				CLANG_WARN_NON_LITERAL_NULL_CONVERSION = YES;
				CLANG_WARN_OBJC_IMPLICIT_RETAIN_SELF = YES;
				CLANG_WARN_OBJC_LITERAL_CONVERSION = YES;
				CLANG_WARN_OBJC_ROOT_CLASS = YES_ERROR;
				CLANG_WARN_QUOTED_INCLUDE_IN_FRAMEWORK_HEADER = YES;
				CLANG_WARN_RANGE_LOOP_ANALYSIS = YES;
				CLANG_WARN_STRICT_PROTOTYPES = YES;
				CLANG_WARN_SUSPICIOUS_MOVE = YES;
				CLANG_WARN_UNGUARDED_AVAILABILITY = YES_AGGRESSIVE;
				CLANG_WARN_UNREACHABLE_CODE = YES;
				CLANG_WARN__DUPLICATE_METHOD_MATCH = YES;
				COPY_PHASE_STRIP = NO;
				DEBUG_INFORMATION_FORMAT = "dwarf-with-dsym";
				ENABLE_NS_ASSERTIONS = NO;
				ENABLE_STRICT_OBJC_MSGSEND = YES;
				GCC_C_LANGUAGE_STANDARD = gnu11;
				GCC_NO_COMMON_BLOCKS = YES;
				GCC_WARN_64_TO_32_BIT_CONVERSION = YES;
				GCC_WARN_ABOUT_RETURN_TYPE = YES_ERROR;
				GCC_WARN_UNDECLARED_SELECTOR = YES;
				GCC_WARN_UNINITIALIZED_AUTOS = YES_AGGRESSIVE;
				GCC_WARN_UNUSED_FUNCTION = YES;
				GCC_WARN_UNUSED_VARIABLE = YES;
				IPHONEOS_DEPLOYMENT_TARGET = 15.4;
				MTL_ENABLE_DEBUG_INFO = NO;
				MTL_FAST_MATH = YES;
				SDKROOT = iphoneos;
				SWIFT_COMPILATION_MODE = wholemodule;
				SWIFT_OPTIMIZATION_LEVEL = "-O";
				VALIDATE_PRODUCT = YES;
			};
			name = Release;
		};
		225C932D2814CC660073111D /* Debug */ = {
			isa = XCBuildConfiguration;
			buildSettings = {
				ASSETCATALOG_COMPILER_APPICON_NAME = AppIcon;
				ASSETCATALOG_COMPILER_GLOBAL_ACCENT_COLOR_NAME = AccentColor;
				CODE_SIGN_STYLE = Automatic;
				CURRENT_PROJECT_VERSION = 1;
				GENERATE_INFOPLIST_FILE = YES;
				INFOPLIST_FILE = RandomDogs/Info.plist;
				INFOPLIST_KEY_UIApplicationSupportsIndirectInputEvents = YES;
				INFOPLIST_KEY_UILaunchStoryboardName = LaunchScreen;
				INFOPLIST_KEY_UIMainStoryboardFile = Main;
				INFOPLIST_KEY_UISupportedInterfaceOrientations_iPad = "UIInterfaceOrientationPortrait UIInterfaceOrientationPortraitUpsideDown UIInterfaceOrientationLandscapeLeft UIInterfaceOrientationLandscapeRight";
				INFOPLIST_KEY_UISupportedInterfaceOrientations_iPhone = "UIInterfaceOrientationPortrait UIInterfaceOrientationLandscapeLeft UIInterfaceOrientationLandscapeRight";
				LD_RUNPATH_SEARCH_PATHS = (
					"$(inherited)",
					"@executable_path/Frameworks",
				);
				MARKETING_VERSION = 1.0;
				PRODUCT_BUNDLE_IDENTIFIER = CALproductions.RandomDogs;
				PRODUCT_NAME = "$(TARGET_NAME)";
				SWIFT_EMIT_LOC_STRINGS = YES;
				SWIFT_VERSION = 5.0;
				TARGETED_DEVICE_FAMILY = "1,2";
			};
			name = Debug;
		};
		225C932E2814CC660073111D /* Release */ = {
			isa = XCBuildConfiguration;
			buildSettings = {
				ASSETCATALOG_COMPILER_APPICON_NAME = AppIcon;
				ASSETCATALOG_COMPILER_GLOBAL_ACCENT_COLOR_NAME = AccentColor;
				CODE_SIGN_STYLE = Automatic;
				CURRENT_PROJECT_VERSION = 1;
				GENERATE_INFOPLIST_FILE = YES;
				INFOPLIST_FILE = RandomDogs/Info.plist;
				INFOPLIST_KEY_UIApplicationSupportsIndirectInputEvents = YES;
				INFOPLIST_KEY_UILaunchStoryboardName = LaunchScreen;
				INFOPLIST_KEY_UIMainStoryboardFile = Main;
				INFOPLIST_KEY_UISupportedInterfaceOrientations_iPad = "UIInterfaceOrientationPortrait UIInterfaceOrientationPortraitUpsideDown UIInterfaceOrientationLandscapeLeft UIInterfaceOrientationLandscapeRight";
				INFOPLIST_KEY_UISupportedInterfaceOrientations_iPhone = "UIInterfaceOrientationPortrait UIInterfaceOrientationLandscapeLeft UIInterfaceOrientationLandscapeRight";
				LD_RUNPATH_SEARCH_PATHS = (
					"$(inherited)",
					"@executable_path/Frameworks",
				);
				MARKETING_VERSION = 1.0;
				PRODUCT_BUNDLE_IDENTIFIER = CALproductions.RandomDogs;
				PRODUCT_NAME = "$(TARGET_NAME)";
				SWIFT_EMIT_LOC_STRINGS = YES;
				SWIFT_VERSION = 5.0;
				TARGETED_DEVICE_FAMILY = "1,2";
			};
			name = Release;
		};
		225C93302814CC660073111D /* Debug */ = {
			isa = XCBuildConfiguration;
			buildSettings = {
				ALWAYS_EMBED_SWIFT_STANDARD_LIBRARIES = YES;
				BUNDLE_LOADER = "$(TEST_HOST)";
				CODE_SIGN_STYLE = Automatic;
				CURRENT_PROJECT_VERSION = 1;
				GENERATE_INFOPLIST_FILE = YES;
				IPHONEOS_DEPLOYMENT_TARGET = 15.4;
				MARKETING_VERSION = 1.0;
				PRODUCT_BUNDLE_IDENTIFIER = CALproductions.RandomDogsTests;
				PRODUCT_NAME = "$(TARGET_NAME)";
				SWIFT_EMIT_LOC_STRINGS = NO;
				SWIFT_VERSION = 5.0;
				TARGETED_DEVICE_FAMILY = "1,2";
				TEST_HOST = "$(BUILT_PRODUCTS_DIR)/RandomDogs.app/RandomDogs";
			};
			name = Debug;
		};
		225C93312814CC660073111D /* Release */ = {
			isa = XCBuildConfiguration;
			buildSettings = {
				ALWAYS_EMBED_SWIFT_STANDARD_LIBRARIES = YES;
				BUNDLE_LOADER = "$(TEST_HOST)";
				CODE_SIGN_STYLE = Automatic;
				CURRENT_PROJECT_VERSION = 1;
				GENERATE_INFOPLIST_FILE = YES;
				IPHONEOS_DEPLOYMENT_TARGET = 15.4;
				MARKETING_VERSION = 1.0;
				PRODUCT_BUNDLE_IDENTIFIER = CALproductions.RandomDogsTests;
				PRODUCT_NAME = "$(TARGET_NAME)";
				SWIFT_EMIT_LOC_STRINGS = NO;
				SWIFT_VERSION = 5.0;
				TARGETED_DEVICE_FAMILY = "1,2";
				TEST_HOST = "$(BUILT_PRODUCTS_DIR)/RandomDogs.app/RandomDogs";
			};
			name = Release;
		};
		225C93332814CC660073111D /* Debug */ = {
			isa = XCBuildConfiguration;
			buildSettings = {
				ALWAYS_EMBED_SWIFT_STANDARD_LIBRARIES = YES;
				CODE_SIGN_STYLE = Automatic;
				CURRENT_PROJECT_VERSION = 1;
				GENERATE_INFOPLIST_FILE = YES;
				MARKETING_VERSION = 1.0;
				PRODUCT_BUNDLE_IDENTIFIER = CALproductions.RandomDogsUITests;
				PRODUCT_NAME = "$(TARGET_NAME)";
				SWIFT_EMIT_LOC_STRINGS = NO;
				SWIFT_VERSION = 5.0;
				TARGETED_DEVICE_FAMILY = "1,2";
				TEST_TARGET_NAME = RandomDogs;
			};
			name = Debug;
		};
		225C93342814CC660073111D /* Release */ = {
			isa = XCBuildConfiguration;
			buildSettings = {
				ALWAYS_EMBED_SWIFT_STANDARD_LIBRARIES = YES;
				CODE_SIGN_STYLE = Automatic;
				CURRENT_PROJECT_VERSION = 1;
				GENERATE_INFOPLIST_FILE = YES;
				MARKETING_VERSION = 1.0;
				PRODUCT_BUNDLE_IDENTIFIER = CALproductions.RandomDogsUITests;
				PRODUCT_NAME = "$(TARGET_NAME)";
				SWIFT_EMIT_LOC_STRINGS = NO;
				SWIFT_VERSION = 5.0;
				TARGETED_DEVICE_FAMILY = "1,2";
				TEST_TARGET_NAME = RandomDogs;
			};
			name = Release;
		};
/* End XCBuildConfiguration section */

/* Begin XCConfigurationList section */
		225C92FD2814CC640073111D /* Build configuration list for PBXProject "RandomDogs" */ = {
			isa = XCConfigurationList;
			buildConfigurations = (
				225C932A2814CC660073111D /* Debug */,
				225C932B2814CC660073111D /* Release */,
			);
			defaultConfigurationIsVisible = 0;
			defaultConfigurationName = Release;
		};
		225C932C2814CC660073111D /* Build configuration list for PBXNativeTarget "RandomDogs" */ = {
			isa = XCConfigurationList;
			buildConfigurations = (
				225C932D2814CC660073111D /* Debug */,
				225C932E2814CC660073111D /* Release */,
			);
			defaultConfigurationIsVisible = 0;
			defaultConfigurationName = Release;
		};
		225C932F2814CC660073111D /* Build configuration list for PBXNativeTarget "RandomDogsTests" */ = {
			isa = XCConfigurationList;
			buildConfigurations = (
				225C93302814CC660073111D /* Debug */,
				225C93312814CC660073111D /* Release */,
			);
			defaultConfigurationIsVisible = 0;
			defaultConfigurationName = Release;
		};
		225C93322814CC660073111D /* Build configuration list for PBXNativeTarget "RandomDogsUITests" */ = {
			isa = XCConfigurationList;
			buildConfigurations = (
				225C93332814CC660073111D /* Debug */,
				225C93342814CC660073111D /* Release */,
			);
			defaultConfigurationIsVisible = 0;
			defaultConfigurationName = Release;
		};
/* End XCConfigurationList section */
	};
	rootObject = 225C92FA2814CC640073111D /* Project object */;
}
